{
    "phase": 0,
    "phase_name": "Stories",
    "wave": 1,
    "status": "PASSED",
    "validator": "phase0-validator.sh",
    "validator_version": "1.0.0",
    "checks": {"directory_exists":true,"story_count":3,"ids_unique":true,"stories_validated":["WAVE1-FE-001","WAVE1-FE-002","WAVE1-FE-003"],"all_passed":true},
    "checksum": "ea70bec72b0edbb72389a7038321a73de2073fe8adc54dc5dbebaf93951f33fa",
    "previous_phase_checksum": "",
    "timestamp": "2026-01-27T08:15:58Z",
    "created_by": "lock-manager.sh"
}
