{
    "phase": 1,
    "phase_name": "Infrastructure",
    "wave": 1,
    "status": "PASSED",
    "validator": "phase1-validator.sh",
    "validator_version": "1.0.0",
    "tests_passed": 9,
    "tests_failed": 0,
    "tests_total": 10,
    "test_results": {"slack":{"status":"PASS","latency":454},"supabase":{"status":"PASS","latency":424},"docker":{"status":"PASS","latency":118},"dozzle":{"status":"SKIP","latency":0},"worktree":{"status":"PASS","latency":25},"github":{"status":"PASS","latency":325},"vercel":{"status":"PASS","latency":734},"neon":{"status":"PASS","latency":28},"claude":{"status":"PASS","latency":795},"nano_banana":{"status":"PASS","latency":723}},
    "checksum": "8383058e42cd428c5494d76f97e17c8d6839bebc4bd192a60a10c22f7e688ee6",
    "timestamp": "2026-01-27T08:20:03Z",
    "project_path": "/Volumes/SSD-01/Projects/Footprint"
}
